// !$*UTF8*$!
{
	archiveVersion = 1;
	classes = {
	};
	objectVersion = 51;
	objects = {

/* Begin PBXBuildFile section */
		BE25646B2412B98C00235225 /* AppDelegate.swift in Sources */ = {isa = PBXBuildFile; fileRef = BE25646A2412B98C00235225 /* AppDelegate.swift */; };
		BE25646D2412B98C00235225 /* SceneDelegate.swift in Sources */ = {isa = PBXBuildFile; fileRef = BE25646C2412B98C00235225 /* SceneDelegate.swift */; };
		BE25646F2412B98C00235225 /* ViewController.swift in Sources */ = {isa = PBXBuildFile; fileRef = BE25646E2412B98C00235225 /* ViewController.swift */; };
		BE2564742412B99300235225 /* Assets.xcassets in Resources */ = {isa = PBXBuildFile; fileRef = BE2564732412B99300235225 /* Assets.xcassets */; };
		BE2564772412B99300235225 /* LaunchScreen.storyboard in Resources */ = {isa = PBXBuildFile; fileRef = BE2564752412B99300235225 /* LaunchScreen.storyboard */; };
		BE2564852412CF7F00235225 /* GoogleService-Info.plist in Resources */ = {isa = PBXBuildFile; fileRef = BE2564842412CF7F00235225 /* GoogleService-Info.plist */; };
		BE2564912416ADA600235225 /* TabBarController.swift in Sources */ = {isa = PBXBuildFile; fileRef = BE2564902416ADA600235225 /* TabBarController.swift */; };
		BE2564952416B00500235225 /* AuthenticationSession.swift in Sources */ = {isa = PBXBuildFile; fileRef = BE2564942416B00500235225 /* AuthenticationSession.swift */; };
		BE2564992416C71A00235225 /* UIViewController + Navigation.swift in Sources */ = {isa = PBXBuildFile; fileRef = BE2564982416C71A00235225 /* UIViewController + Navigation.swift */; };
		BE25649C2416D51E00235225 /* Login.storyboard in Resources */ = {isa = PBXBuildFile; fileRef = BE25649B2416D51E00235225 /* Login.storyboard */; };
		BE25649E2416D5AD00235225 /* LoginViewController.swift in Sources */ = {isa = PBXBuildFile; fileRef = BE25649D2416D5AD00235225 /* LoginViewController.swift */; };
		BE2564A02416D80400235225 /* MainView.storyboard in Resources */ = {isa = PBXBuildFile; fileRef = BE25649F2416D80400235225 /* MainView.storyboard */; };
		BE2564A22416DE4300235225 /* ProfileViewController.swift in Sources */ = {isa = PBXBuildFile; fileRef = BE2564A12416DE4300235225 /* ProfileViewController.swift */; };
		BE2564A42416DE6D00235225 /* UploadViewController.swift in Sources */ = {isa = PBXBuildFile; fileRef = BE2564A32416DE6D00235225 /* UploadViewController.swift */; };
		BE2564A62416EC7B00235225 /* Photo.swift in Sources */ = {isa = PBXBuildFile; fileRef = BE2564A52416EC7B00235225 /* Photo.swift */; };
		BE2564A82416EC9800235225 /* DatabaseService.swift in Sources */ = {isa = PBXBuildFile; fileRef = BE2564A72416EC9800235225 /* DatabaseService.swift */; };
		BE2564AA2416ECB400235225 /* StorageService.swift in Sources */ = {isa = PBXBuildFile; fileRef = BE2564A92416ECB400235225 /* StorageService.swift */; };
		BEADAA66241737FC0084F93C /* UIIMage + Extensions.swift in Sources */ = {isa = PBXBuildFile; fileRef = BEADAA65241737FB0084F93C /* UIIMage + Extensions.swift */; };
		BEADAA68241824AC0084F93C /* PhotoCell.swift in Sources */ = {isa = PBXBuildFile; fileRef = BEADAA67241824AC0084F93C /* PhotoCell.swift */; };
		F31AB17FE056008D18C28EDD /* Pods_Pursuit_Core_iOS_Firebase_Project.framework in Frameworks */ = {isa = PBXBuildFile; fileRef = E769262BEC8F0A67903E5627 /* Pods_Pursuit_Core_iOS_Firebase_Project.framework */; };
/* End PBXBuildFile section */

/* Begin PBXFileReference section */
		02B3E053CC739CD58BC18583 /* Pods-Pursuit-Core-iOS-Firebase-Project.debug.xcconfig */ = {isa = PBXFileReference; includeInIndex = 1; lastKnownFileType = text.xcconfig; name = "Pods-Pursuit-Core-iOS-Firebase-Project.debug.xcconfig"; path = "Target Support Files/Pods-Pursuit-Core-iOS-Firebase-Project/Pods-Pursuit-Core-iOS-Firebase-Project.debug.xcconfig"; sourceTree = "<group>"; };
		B0F37966AACDFE2D28BDE061 /* Pods-Pursuit-Core-iOS-Firebase-Project.release.xcconfig */ = {isa = PBXFileReference; includeInIndex = 1; lastKnownFileType = text.xcconfig; name = "Pods-Pursuit-Core-iOS-Firebase-Project.release.xcconfig"; path = "Target Support Files/Pods-Pursuit-Core-iOS-Firebase-Project/Pods-Pursuit-Core-iOS-Firebase-Project.release.xcconfig"; sourceTree = "<group>"; };
		BE2564672412B98C00235225 /* Pursuit-Core-iOS-Firebase-Project.app */ = {isa = PBXFileReference; explicitFileType = wrapper.application; includeInIndex = 0; path = "Pursuit-Core-iOS-Firebase-Project.app"; sourceTree = BUILT_PRODUCTS_DIR; };
		BE25646A2412B98C00235225 /* AppDelegate.swift */ = {isa = PBXFileReference; lastKnownFileType = sourcecode.swift; path = AppDelegate.swift; sourceTree = "<group>"; };
		BE25646C2412B98C00235225 /* SceneDelegate.swift */ = {isa = PBXFileReference; lastKnownFileType = sourcecode.swift; path = SceneDelegate.swift; sourceTree = "<group>"; };
		BE25646E2412B98C00235225 /* ViewController.swift */ = {isa = PBXFileReference; lastKnownFileType = sourcecode.swift; path = ViewController.swift; sourceTree = "<group>"; };
		BE2564732412B99300235225 /* Assets.xcassets */ = {isa = PBXFileReference; lastKnownFileType = folder.assetcatalog; path = Assets.xcassets; sourceTree = "<group>"; };
		BE2564762412B99300235225 /* Base */ = {isa = PBXFileReference; lastKnownFileType = file.storyboard; name = Base; path = Base.lproj/LaunchScreen.storyboard; sourceTree = "<group>"; };
		BE2564782412B99300235225 /* Info.plist */ = {isa = PBXFileReference; lastKnownFileType = text.plist.xml; path = Info.plist; sourceTree = "<group>"; };
		BE2564842412CF7F00235225 /* GoogleService-Info.plist */ = {isa = PBXFileReference; fileEncoding = 4; lastKnownFileType = text.plist.xml; path = "GoogleService-Info.plist"; sourceTree = "<group>"; };
		BE2564902416ADA600235225 /* TabBarController.swift */ = {isa = PBXFileReference; lastKnownFileType = sourcecode.swift; path = TabBarController.swift; sourceTree = "<group>"; };
		BE2564942416B00500235225 /* AuthenticationSession.swift */ = {isa = PBXFileReference; lastKnownFileType = sourcecode.swift; path = AuthenticationSession.swift; sourceTree = "<group>"; };
		BE2564982416C71A00235225 /* UIViewController + Navigation.swift */ = {isa = PBXFileReference; lastKnownFileType = sourcecode.swift; path = "UIViewController + Navigation.swift"; sourceTree = "<group>"; };
		BE25649B2416D51E00235225 /* Login.storyboard */ = {isa = PBXFileReference; lastKnownFileType = file.storyboard; path = Login.storyboard; sourceTree = "<group>"; };
		BE25649D2416D5AD00235225 /* LoginViewController.swift */ = {isa = PBXFileReference; lastKnownFileType = sourcecode.swift; path = LoginViewController.swift; sourceTree = "<group>"; };
		BE25649F2416D80400235225 /* MainView.storyboard */ = {isa = PBXFileReference; lastKnownFileType = file.storyboard; path = MainView.storyboard; sourceTree = "<group>"; };
		BE2564A12416DE4300235225 /* ProfileViewController.swift */ = {isa = PBXFileReference; lastKnownFileType = sourcecode.swift; path = ProfileViewController.swift; sourceTree = "<group>"; };
		BE2564A32416DE6D00235225 /* UploadViewController.swift */ = {isa = PBXFileReference; lastKnownFileType = sourcecode.swift; path = UploadViewController.swift; sourceTree = "<group>"; };
		BE2564A52416EC7B00235225 /* Photo.swift */ = {isa = PBXFileReference; lastKnownFileType = sourcecode.swift; path = Photo.swift; sourceTree = "<group>"; };
		BE2564A72416EC9800235225 /* DatabaseService.swift */ = {isa = PBXFileReference; lastKnownFileType = sourcecode.swift; path = DatabaseService.swift; sourceTree = "<group>"; };
		BE2564A92416ECB400235225 /* StorageService.swift */ = {isa = PBXFileReference; lastKnownFileType = sourcecode.swift; path = StorageService.swift; sourceTree = "<group>"; };
		BEADAA65241737FB0084F93C /* UIIMage + Extensions.swift */ = {isa = PBXFileReference; lastKnownFileType = sourcecode.swift; path = "UIIMage + Extensions.swift"; sourceTree = "<group>"; };
		BEADAA67241824AC0084F93C /* PhotoCell.swift */ = {isa = PBXFileReference; lastKnownFileType = sourcecode.swift; path = PhotoCell.swift; sourceTree = "<group>"; };
		E769262BEC8F0A67903E5627 /* Pods_Pursuit_Core_iOS_Firebase_Project.framework */ = {isa = PBXFileReference; explicitFileType = wrapper.framework; includeInIndex = 0; path = Pods_Pursuit_Core_iOS_Firebase_Project.framework; sourceTree = BUILT_PRODUCTS_DIR; };
/* End PBXFileReference section */

/* Begin PBXFrameworksBuildPhase section */
		BE2564642412B98C00235225 /* Frameworks */ = {
			isa = PBXFrameworksBuildPhase;
			buildActionMask = 2147483647;
			files = (
				F31AB17FE056008D18C28EDD /* Pods_Pursuit_Core_iOS_Firebase_Project.framework in Frameworks */,
			);
			runOnlyForDeploymentPostprocessing = 0;
		};
/* End PBXFrameworksBuildPhase section */

/* Begin PBXGroup section */
		9E8AA4104A255238439E45A4 /* Frameworks */ = {
			isa = PBXGroup;
			children = (
				E769262BEC8F0A67903E5627 /* Pods_Pursuit_Core_iOS_Firebase_Project.framework */,
			);
			name = Frameworks;
			sourceTree = "<group>";
		};
		BE25645E2412B98C00235225 = {
			isa = PBXGroup;
			children = (
				BE2564692412B98C00235225 /* Pursuit-Core-iOS-Firebase-Project */,
				BE2564682412B98C00235225 /* Products */,
				E45A6EC839214694B90138C3 /* Pods */,
				9E8AA4104A255238439E45A4 /* Frameworks */,
			);
			sourceTree = "<group>";
		};
		BE2564682412B98C00235225 /* Products */ = {
			isa = PBXGroup;
			children = (
				BE2564672412B98C00235225 /* Pursuit-Core-iOS-Firebase-Project.app */,
			);
			name = Products;
			sourceTree = "<group>";
		};
		BE2564692412B98C00235225 /* Pursuit-Core-iOS-Firebase-Project */ = {
			isa = PBXGroup;
			children = (
				BE25649A2416D4FC00235225 /* Storyboards */,
				BE25648D2416ABEC00235225 /* Extensions */,
				BE25648C2416ABE300235225 /* Firebase Services */,
				BE25648B2416AB7600235225 /* Models */,
				BE25648A2416AB7100235225 /* Cells */,
				BE2564882416AB1C00235225 /* Controllers */,
				BE2564872416AA9E00235225 /* Supporting Files */,
				BE2564782412B99300235225 /* Info.plist */,
				BE2564842412CF7F00235225 /* GoogleService-Info.plist */,
			);
			path = "Pursuit-Core-iOS-Firebase-Project";
			sourceTree = "<group>";
		};
		BE2564872416AA9E00235225 /* Supporting Files */ = {
			isa = PBXGroup;
			children = (
				BE2564752412B99300235225 /* LaunchScreen.storyboard */,
				BE2564732412B99300235225 /* Assets.xcassets */,
				BE25646C2412B98C00235225 /* SceneDelegate.swift */,
				BE25646A2412B98C00235225 /* AppDelegate.swift */,
			);
			path = "Supporting Files";
			sourceTree = "<group>";
		};
		BE2564882416AB1C00235225 /* Controllers */ = {
			isa = PBXGroup;
			children = (
				BE2564902416ADA600235225 /* TabBarController.swift */,
				BE25649D2416D5AD00235225 /* LoginViewController.swift */,
				BE25646E2412B98C00235225 /* ViewController.swift */,
				BE2564A32416DE6D00235225 /* UploadViewController.swift */,
				BE2564A12416DE4300235225 /* ProfileViewController.swift */,
			);
			path = Controllers;
			sourceTree = "<group>";
		};
		BE25648A2416AB7100235225 /* Cells */ = {
			isa = PBXGroup;
			children = (
				BEADAA67241824AC0084F93C /* PhotoCell.swift */,
			);
			path = Cells;
			sourceTree = "<group>";
		};
		BE25648B2416AB7600235225 /* Models */ = {
			isa = PBXGroup;
			children = (
				BE2564A52416EC7B00235225 /* Photo.swift */,
			);
			path = Models;
			sourceTree = "<group>";
		};
		BE25648C2416ABE300235225 /* Firebase Services */ = {
			isa = PBXGroup;
			children = (
				BE2564942416B00500235225 /* AuthenticationSession.swift */,
				BE2564A72416EC9800235225 /* DatabaseService.swift */,
				BE2564A92416ECB400235225 /* StorageService.swift */,
			);
			path = "Firebase Services";
			sourceTree = "<group>";
		};
		BE25648D2416ABEC00235225 /* Extensions */ = {
			isa = PBXGroup;
			children = (
				BE2564982416C71A00235225 /* UIViewController + Navigation.swift */,
				BEADAA65241737FB0084F93C /* UIIMage + Extensions.swift */,
			);
			path = Extensions;
			sourceTree = "<group>";
		};
		BE25649A2416D4FC00235225 /* Storyboards */ = {
			isa = PBXGroup;
			children = (
				BE25649B2416D51E00235225 /* Login.storyboard */,
				BE25649F2416D80400235225 /* MainView.storyboard */,
			);
			path = Storyboards;
			sourceTree = "<group>";
		};
		E45A6EC839214694B90138C3 /* Pods */ = {
			isa = PBXGroup;
			children = (
				02B3E053CC739CD58BC18583 /* Pods-Pursuit-Core-iOS-Firebase-Project.debug.xcconfig */,
				B0F37966AACDFE2D28BDE061 /* Pods-Pursuit-Core-iOS-Firebase-Project.release.xcconfig */,
			);
			path = Pods;
			sourceTree = "<group>";
		};
/* End PBXGroup section */

/* Begin PBXNativeTarget section */
		BE2564662412B98C00235225 /* Pursuit-Core-iOS-Firebase-Project */ = {
			isa = PBXNativeTarget;
			buildConfigurationList = BE25647B2412B99300235225 /* Build configuration list for PBXNativeTarget "Pursuit-Core-iOS-Firebase-Project" */;
			buildPhases = (
				7A8686438BC842843B4870C8 /* [CP] Check Pods Manifest.lock */,
				BE2564632412B98C00235225 /* Sources */,
				BE2564642412B98C00235225 /* Frameworks */,
				BE2564652412B98C00235225 /* Resources */,
				2152FF0079AB6DDB0BC5048E /* [CP] Embed Pods Frameworks */,
			);
			buildRules = (
			);
			dependencies = (
			);
			name = "Pursuit-Core-iOS-Firebase-Project";
			productName = "Pursuit-Core-iOS-Firebase-Project";
			productReference = BE2564672412B98C00235225 /* Pursuit-Core-iOS-Firebase-Project.app */;
			productType = "com.apple.product-type.application";
		};
/* End PBXNativeTarget section */

/* Begin PBXProject section */
		BE25645F2412B98C00235225 /* Project object */ = {
			isa = PBXProject;
			attributes = {
				LastSwiftUpdateCheck = 1100;
				LastUpgradeCheck = 1100;
				ORGANIZATIONNAME = "Oscar Victoria Gonzalez ";
				TargetAttributes = {
					BE2564662412B98C00235225 = {
						CreatedOnToolsVersion = 11.0;
					};
				};
			};
			buildConfigurationList = BE2564622412B98C00235225 /* Build configuration list for PBXProject "Pursuit-Core-iOS-Firebase-Project" */;
			compatibilityVersion = "Xcode 9.3";
			developmentRegion = en;
			hasScannedForEncodings = 0;
			knownRegions = (
				en,
				Base,
			);
			mainGroup = BE25645E2412B98C00235225;
			productRefGroup = BE2564682412B98C00235225 /* Products */;
			projectDirPath = "";
			projectRoot = "";
			targets = (
				BE2564662412B98C00235225 /* Pursuit-Core-iOS-Firebase-Project */,
			);
		};
/* End PBXProject section */

/* Begin PBXResourcesBuildPhase section */
		BE2564652412B98C00235225 /* Resources */ = {
			isa = PBXResourcesBuildPhase;
			buildActionMask = 2147483647;
			files = (
				BE25649C2416D51E00235225 /* Login.storyboard in Resources */,
				BE2564772412B99300235225 /* LaunchScreen.storyboard in Resources */,
				BE2564A02416D80400235225 /* MainView.storyboard in Resources */,
				BE2564852412CF7F00235225 /* GoogleService-Info.plist in Resources */,
				BE2564742412B99300235225 /* Assets.xcassets in Resources */,
			);
			runOnlyForDeploymentPostprocessing = 0;
		};
/* End PBXResourcesBuildPhase section */

/* Begin PBXShellScriptBuildPhase section */
		2152FF0079AB6DDB0BC5048E /* [CP] Embed Pods Frameworks */ = {
			isa = PBXShellScriptBuildPhase;
			buildActionMask = 2147483647;
			files = (
			);
			inputFileListPaths = (
				"${PODS_ROOT}/Target Support Files/Pods-Pursuit-Core-iOS-Firebase-Project/Pods-Pursuit-Core-iOS-Firebase-Project-frameworks-${CONFIGURATION}-input-files.xcfilelist",
			);
			name = "[CP] Embed Pods Frameworks";
			outputFileListPaths = (
				"${PODS_ROOT}/Target Support Files/Pods-Pursuit-Core-iOS-Firebase-Project/Pods-Pursuit-Core-iOS-Firebase-Project-frameworks-${CONFIGURATION}-output-files.xcfilelist",
			);
			runOnlyForDeploymentPostprocessing = 0;
			shellPath = /bin/sh;
			shellScript = "\"${PODS_ROOT}/Target Support Files/Pods-Pursuit-Core-iOS-Firebase-Project/Pods-Pursuit-Core-iOS-Firebase-Project-frameworks.sh\"\n";
			showEnvVarsInLog = 0;
		};
		7A8686438BC842843B4870C8 /* [CP] Check Pods Manifest.lock */ = {
			isa = PBXShellScriptBuildPhase;
			buildActionMask = 2147483647;
			files = (
			);
			inputFileListPaths = (
			);
			inputPaths = (
				"${PODS_PODFILE_DIR_PATH}/Podfile.lock",
				"${PODS_ROOT}/Manifest.lock",
			);
			name = "[CP] Check Pods Manifest.lock";
			outputFileListPaths = (
			);
			outputPaths = (
				"$(DERIVED_FILE_DIR)/Pods-Pursuit-Core-iOS-Firebase-Project-checkManifestLockResult.txt",
			);
			runOnlyForDeploymentPostprocessing = 0;
			shellPath = /bin/sh;
			shellScript = "diff \"${PODS_PODFILE_DIR_PATH}/Podfile.lock\" \"${PODS_ROOT}/Manifest.lock\" > /dev/null\nif [ $? != 0 ] ; then\n    # print error to STDERR\n    echo \"error: The sandbox is not in sync with the Podfile.lock. Run 'pod install' or update your CocoaPods installation.\" >&2\n    exit 1\nfi\n# This output is used by Xcode 'outputs' to avoid re-running this script phase.\necho \"SUCCESS\" > \"${SCRIPT_OUTPUT_FILE_0}\"\n";
			showEnvVarsInLog = 0;
		};
/* End PBXShellScriptBuildPhase section */

/* Begin PBXSourcesBuildPhase section */
		BE2564632412B98C00235225 /* Sources */ = {
			isa = PBXSourcesBuildPhase;
			buildActionMask = 2147483647;
			files = (
				BEADAA66241737FC0084F93C /* UIIMage + Extensions.swift in Sources */,
				BE25646F2412B98C00235225 /* ViewController.swift in Sources */,
				BE2564AA2416ECB400235225 /* StorageService.swift in Sources */,
				BE2564A82416EC9800235225 /* DatabaseService.swift in Sources */,
				BE2564952416B00500235225 /* AuthenticationSession.swift in Sources */,
				BE25646B2412B98C00235225 /* AppDelegate.swift in Sources */,
				BE25649E2416D5AD00235225 /* LoginViewController.swift in Sources */,
				BE2564A62416EC7B00235225 /* Photo.swift in Sources */,
				BE2564A42416DE6D00235225 /* UploadViewController.swift in Sources */,
				BE2564912416ADA600235225 /* TabBarController.swift in Sources */,
				BE2564992416C71A00235225 /* UIViewController + Navigation.swift in Sources */,
				BE2564A22416DE4300235225 /* ProfileViewController.swift in Sources */,
				BE25646D2412B98C00235225 /* SceneDelegate.swift in Sources */,
				BEADAA68241824AC0084F93C /* PhotoCell.swift in Sources */,
			);
			runOnlyForDeploymentPostprocessing = 0;
		};
/* End PBXSourcesBuildPhase section */

/* Begin PBXVariantGroup section */
		BE2564752412B99300235225 /* LaunchScreen.storyboard */ = {
			isa = PBXVariantGroup;
			children = (
				BE2564762412B99300235225 /* Base */,
			);
			name = LaunchScreen.storyboard;
			sourceTree = "<group>";
		};
/* End PBXVariantGroup section */

/* Begin XCBuildConfiguration section */
		BE2564792412B99300235225 /* Debug */ = {
			isa = XCBuildConfiguration;
			buildSettings = {
				ALWAYS_SEARCH_USER_PATHS = NO;
				CLANG_ANALYZER_NONNULL = YES;
				CLANG_ANALYZER_NUMBER_OBJECT_CONVERSION = YES_AGGRESSIVE;
				CLANG_CXX_LANGUAGE_STANDARD = "gnu++14";
				CLANG_CXX_LIBRARY = "libc++";
				CLANG_ENABLE_MODULES = YES;
				CLANG_ENABLE_OBJC_ARC = YES;
				CLANG_ENABLE_OBJC_WEAK = YES;
				CLANG_WARN_BLOCK_CAPTURE_AUTORELEASING = YES;
				CLANG_WARN_BOOL_CONVERSION = YES;
				CLANG_WARN_COMMA = YES;
				CLANG_WARN_CONSTANT_CONVERSION = YES;
				CLANG_WARN_DEPRECATED_OBJC_IMPLEMENTATIONS = YES;
				CLANG_WARN_DIRECT_OBJC_ISA_USAGE = YES_ERROR;
				CLANG_WARN_DOCUMENTATION_COMMENTS = YES;
				CLANG_WARN_EMPTY_BODY = YES;
				CLANG_WARN_ENUM_CONVERSION = YES;
				CLANG_WARN_INFINITE_RECURSION = YES;
				CLANG_WARN_INT_CONVERSION = YES;
				CLANG_WARN_NON_LITERAL_NULL_CONVERSION = YES;
				CLANG_WARN_OBJC_IMPLICIT_RETAIN_SELF = YES;
				CLANG_WARN_OBJC_LITERAL_CONVERSION = YES;
				CLANG_WARN_OBJC_ROOT_CLASS = YES_ERROR;
				CLANG_WARN_RANGE_LOOP_ANALYSIS = YES;
				CLANG_WARN_STRICT_PROTOTYPES = YES;
				CLANG_WARN_SUSPICIOUS_MOVE = YES;
				CLANG_WARN_UNGUARDED_AVAILABILITY = YES_AGGRESSIVE;
				CLANG_WARN_UNREACHABLE_CODE = YES;
				CLANG_WARN__DUPLICATE_METHOD_MATCH = YES;
				COPY_PHASE_STRIP = NO;
				DEBUG_INFORMATION_FORMAT = dwarf;
				ENABLE_STRICT_OBJC_MSGSEND = YES;
				ENABLE_TESTABILITY = YES;
				GCC_C_LANGUAGE_STANDARD = gnu11;
				GCC_DYNAMIC_NO_PIC = NO;
				GCC_NO_COMMON_BLOCKS = YES;
				GCC_OPTIMIZATION_LEVEL = 0;
				GCC_PREPROCESSOR_DEFINITIONS = (
					"DEBUG=1",
					"$(inherited)",
				);
				GCC_WARN_64_TO_32_BIT_CONVERSION = YES;
				GCC_WARN_ABOUT_RETURN_TYPE = YES_ERROR;
				GCC_WARN_UNDECLARED_SELECTOR = YES;
				GCC_WARN_UNINITIALIZED_AUTOS = YES_AGGRESSIVE;
				GCC_WARN_UNUSED_FUNCTION = YES;
				GCC_WARN_UNUSED_VARIABLE = YES;
				IPHONEOS_DEPLOYMENT_TARGET = 13.0;
				MTL_ENABLE_DEBUG_INFO = INCLUDE_SOURCE;
				MTL_FAST_MATH = YES;
				ONLY_ACTIVE_ARCH = YES;
				SDKROOT = iphoneos;
				SWIFT_ACTIVE_COMPILATION_CONDITIONS = DEBUG;
				SWIFT_OPTIMIZATION_LEVEL = "-Onone";
			};
			name = Debug;
		};
		BE25647A2412B99300235225 /* Release */ = {
			isa = XCBuildConfiguration;
			buildSettings = {
				ALWAYS_SEARCH_USER_PATHS = NO;
				CLANG_ANALYZER_NONNULL = YES;
				CLANG_ANALYZER_NUMBER_OBJECT_CONVERSION = YES_AGGRESSIVE;
				CLANG_CXX_LANGUAGE_STANDARD = "gnu++14";
				CLANG_CXX_LIBRARY = "libc++";
				CLANG_ENABLE_MODULES = YES;
				CLANG_ENABLE_OBJC_ARC = YES;
				CLANG_ENABLE_OBJC_WEAK = YES;
				CLANG_WARN_BLOCK_CAPTURE_AUTORELEASING = YES;
				CLANG_WARN_BOOL_CONVERSION = YES;
				CLANG_WARN_COMMA = YES;
				CLANG_WARN_CONSTANT_CONVERSION = YES;
				CLANG_WARN_DEPRECATED_OBJC_IMPLEMENTATIONS = YES;
				CLANG_WARN_DIRECT_OBJC_ISA_USAGE = YES_ERROR;
				CLANG_WARN_DOCUMENTATION_COMMENTS = YES;
				CLANG_WARN_EMPTY_BODY = YES;
				CLANG_WARN_ENUM_CONVERSION = YES;
				CLANG_WARN_INFINITE_RECURSION = YES;
				CLANG_WARN_INT_CONVERSION = YES;
				CLANG_WARN_NON_LITERAL_NULL_CONVERSION = YES;
				CLANG_WARN_OBJC_IMPLICIT_RETAIN_SELF = YES;
				CLANG_WARN_OBJC_LITERAL_CONVERSION = YES;
				CLANG_WARN_OBJC_ROOT_CLASS = YES_ERROR;
				CLANG_WARN_RANGE_LOOP_ANALYSIS = YES;
				CLANG_WARN_STRICT_PROTOTYPES = YES;
				CLANG_WARN_SUSPICIOUS_MOVE = YES;
				CLANG_WARN_UNGUARDED_AVAILABILITY = YES_AGGRESSIVE;
				CLANG_WARN_UNREACHABLE_CODE = YES;
				CLANG_WARN__DUPLICATE_METHOD_MATCH = YES;
				COPY_PHASE_STRIP = NO;
				DEBUG_INFORMATION_FORMAT = "dwarf-with-dsym";
				ENABLE_NS_ASSERTIONS = NO;
				ENABLE_STRICT_OBJC_MSGSEND = YES;
				GCC_C_LANGUAGE_STANDARD = gnu11;
				GCC_NO_COMMON_BLOCKS = YES;
				GCC_WARN_64_TO_32_BIT_CONVERSION = YES;
				GCC_WARN_ABOUT_RETURN_TYPE = YES_ERROR;
				GCC_WARN_UNDECLARED_SELECTOR = YES;
				GCC_WARN_UNINITIALIZED_AUTOS = YES_AGGRESSIVE;
				GCC_WARN_UNUSED_FUNCTION = YES;
				GCC_WARN_UNUSED_VARIABLE = YES;
				IPHONEOS_DEPLOYMENT_TARGET = 13.0;
				MTL_ENABLE_DEBUG_INFO = NO;
				MTL_FAST_MATH = YES;
				SDKROOT = iphoneos;
				SWIFT_COMPILATION_MODE = wholemodule;
				SWIFT_OPTIMIZATION_LEVEL = "-O";
				VALIDATE_PRODUCT = YES;
			};
			name = Release;
		};
		BE25647C2412B99300235225 /* Debug */ = {
			isa = XCBuildConfiguration;
			baseConfigurationReference = 02B3E053CC739CD58BC18583 /* Pods-Pursuit-Core-iOS-Firebase-Project.debug.xcconfig */;
			buildSettings = {
				ASSETCATALOG_COMPILER_APPICON_NAME = AppIcon;
				CODE_SIGN_STYLE = Automatic;
				DEVELOPMENT_TEAM = S55722VFBC;
				INFOPLIST_FILE = "Pursuit-Core-iOS-Firebase-Project/Info.plist";
				LD_RUNPATH_SEARCH_PATHS = (
					"$(inherited)",
					"@executable_path/Frameworks",
				);
				PRODUCT_BUNDLE_IDENTIFIER = "oscarvictoria.Pursuit-Core-iOS-Firebase-Project";
				PRODUCT_NAME = "$(TARGET_NAME)";
				SWIFT_VERSION = 5.0;
				TARGETED_DEVICE_FAMILY = "1,2";
			};
			name = Debug;
		};
		BE25647D2412B99300235225 /* Release */ = {
			isa = XCBuildConfiguration;
			baseConfigurationReference = B0F37966AACDFE2D28BDE061 /* Pods-Pursuit-Core-iOS-Firebase-Project.release.xcconfig */;
			buildSettings = {
				ASSETCATALOG_COMPILER_APPICON_NAME = AppIcon;
				CODE_SIGN_STYLE = Automatic;
				DEVELOPMENT_TEAM = S55722VFBC;
				INFOPLIST_FILE = "Pursuit-Core-iOS-Firebase-Project/Info.plist";
				LD_RUNPATH_SEARCH_PATHS = (
					"$(inherited)",
					"@executable_path/Frameworks",
				);
				PRODUCT_BUNDLE_IDENTIFIER = "oscarvictoria.Pursuit-Core-iOS-Firebase-Project";
				PRODUCT_NAME = "$(TARGET_NAME)";
				SWIFT_VERSION = 5.0;
				TARGETED_DEVICE_FAMILY = "1,2";
			};
			name = Release;
		};
/* End XCBuildConfiguration section */

/* Begin XCConfigurationList section */
		BE2564622412B98C00235225 /* Build configuration list for PBXProject "Pursuit-Core-iOS-Firebase-Project" */ = {
			isa = XCConfigurationList;
			buildConfigurations = (
				BE2564792412B99300235225 /* Debug */,
				BE25647A2412B99300235225 /* Release */,
			);
			defaultConfigurationIsVisible = 0;
			defaultConfigurationName = Release;
		};
		BE25647B2412B99300235225 /* Build configuration list for PBXNativeTarget "Pursuit-Core-iOS-Firebase-Project" */ = {
			isa = XCConfigurationList;
			buildConfigurations = (
				BE25647C2412B99300235225 /* Debug */,
				BE25647D2412B99300235225 /* Release */,
			);
			defaultConfigurationIsVisible = 0;
			defaultConfigurationName = Release;
		};
/* End XCConfigurationList section */
	};
	rootObject = BE25645F2412B98C00235225 /* Project object */;
}
